
Microsoft Visual Studio Solution File, Format Version 12.00
# Visual Studio Version 17
VisualStudioVersion = 17.5.33530.505
MinimumVisualStudioVersion = 10.0.40219.1
Project("{9A19103F-16F7-4668-BE54-9A1E7A4F7556}") = "ONEZEROHOTEL", "ONEZEROHOTEL\ONEZEROHOTEL.csproj", "{F9A11B0A-3F05-4F18-BB57-6AEDC37D3CC0}"
EndProject
Project("{00D1A9C2-B5F0-4AF3-8072-F6C62B433612}") = "StaycationDb", "StaycationDb\StaycationDb.sqlproj", "{6B7D6BA1-4A16-4539-8109-D3473281654A}"
EndProject
Global
	GlobalSection(SolutionConfigurationPlatforms) = preSolution
		Debug|Any CPU = Debug|Any CPU
		Release|Any CPU = Release|Any CPU
	EndGlobalSection
	GlobalSection(ProjectConfigurationPlatforms) = postSolution
		{F9A11B0A-3F05-4F18-BB57-6AEDC37D3CC0}.Debug|Any CPU.ActiveCfg = Debug|Any CPU
		{F9A11B0A-3F05-4F18-BB57-6AEDC37D3CC0}.Debug|Any CPU.Build.0 = Debug|Any CPU
		{F9A11B0A-3F05-4F18-BB57-6AEDC37D3CC0}.Release|Any CPU.ActiveCfg = Release|Any CPU
		{F9A11B0A-3F05-4F18-BB57-6AEDC37D3CC0}.Release|Any CPU.Build.0 = Release|Any CPU
		{6B7D6BA1-4A16-4539-8109-D3473281654A}.Debug|Any CPU.ActiveCfg = Debug|Any CPU
		{6B7D6BA1-4A16-4539-8109-D3473281654A}.Debug|Any CPU.Build.0 = Debug|Any CPU
		{6B7D6BA1-4A16-4539-8109-D3473281654A}.Debug|Any CPU.Deploy.0 = Debug|Any CPU
		{6B7D6BA1-4A16-4539-8109-D3473281654A}.Release|Any CPU.ActiveCfg = Release|Any CPU
		{6B7D6BA1-4A16-4539-8109-D3473281654A}.Release|Any CPU.Build.0 = Release|Any CPU
		{6B7D6BA1-4A16-4539-8109-D3473281654A}.Release|Any CPU.Deploy.0 = Release|Any CPU
	EndGlobalSection
	GlobalSection(SolutionProperties) = preSolution
		HideSolutionNode = FALSE
	EndGlobalSection
	GlobalSection(ExtensibilityGlobals) = postSolution
		SolutionGuid = {0E21B293-1B0F-44B6-8F57-8068F22C5495}
	EndGlobalSection
EndGlobal
